
Microsoft Visual Studio Solution File, Format Version 12.00
# Visual Studio Version 16
VisualStudioVersion = 16.0.31729.503
MinimumVisualStudioVersion = 10.0.40219.1
Project("{FAE04EC0-301F-11D3-BF4B-00C04F79EFBC}") = "FizzBuzzMVC", "FizzBuzzMVC\FizzBuzzMVC.csproj", "{7D3A6771-A5F5-461F-8BCD-5AAEE5C155A1}"
EndProject
Global
	GlobalSection(SolutionConfigurationPlatforms) = preSolution
		Debug|Any CPU = Debug|Any CPU
		Release|Any CPU = Release|Any CPU
	EndGlobalSection
	GlobalSection(ProjectConfigurationPlatforms) = postSolution
		{7D3A6771-A5F5-461F-8BCD-5AAEE5C155A1}.Debug|Any CPU.ActiveCfg = Debug|Any CPU
		{7D3A6771-A5F5-461F-8BCD-5AAEE5C155A1}.Debug|Any CPU.Build.0 = Debug|Any CPU
		{7D3A6771-A5F5-461F-8BCD-5AAEE5C155A1}.Release|Any CPU.ActiveCfg = Release|Any CPU
		{7D3A6771-A5F5-461F-8BCD-5AAEE5C155A1}.Release|Any CPU.Build.0 = Release|Any CPU
	EndGlobalSection
	GlobalSection(SolutionProperties) = preSolution
		HideSolutionNode = FALSE
	EndGlobalSection
	GlobalSection(ExtensibilityGlobals) = postSolution
		SolutionGuid = {859B3727-C8EB-4BF0-8359-56A2581448C4}
	EndGlobalSection
EndGlobal
